<?xml version="1.0" encoding="UTF-8" standalone="yes" ?>
<CodeBlocks_project_file>
	<FileVersion major="1" minor="6" />
	<Project>
		<Option title="Canvas 2D" />
		<Option pch_mode="2" />
		<Option compiler="gcc" />
		<Build>
			<Target title="Debug">
				<Option output="../__bin/Debug/canvas2d" prefix_auto="1" extension_auto="1" />
				<Option working_dir="../" />
				<Option object_output="../__obj/Debug/" />
				<Option type="1" />
				<Option compiler="gcc" />
				<Compiler>
					<Add option="-g" />
				</Compiler>
			</Target>
			<Target title="Release">
				<Option output="../__bin/Release/canvas2d" prefix_auto="1" extension_auto="1" />
				<Option working_dir="../" />
				<Option object_output="../__obj/Release/" />
				<Option type="1" />
				<Option compiler="gcc" />
				<Compiler>
					<Add option="-O2 -Wall" />
				</Compiler>
				<Linker>
					<Add option="-s" />
				</Linker>
			</Target>
		</Build>
		<Compiler>
			<Add option="-Wall" />
			<Add option="-fexceptions" />
			<Add option="-std=c++11" />
			<Add directory="../include" />
		</Compiler>
		<Linker>
			<Add library="../lib/libfreeglut32.a" />
			<Add library="../lib/libopengl32.a" />
			<Add library="../lib/libglu32.a" />
		</Linker>
		<Unit filename="src/Aplicacao3D.cpp" />
		<Unit filename="src/Aplicacao3D.h" />
		<Unit filename="src/Bola.h" />
		<Unit filename="src/Botao.h" />
		<Unit filename="src/CurvaBezier.cpp" />
		<Unit filename="src/CurvaBezier.h" />
		<Unit filename="src/Framebuffer.cpp" />
		<Unit filename="src/Framebuffer.h" />
		<Unit filename="src/Objeto3D.cpp" />
		<Unit filename="src/Objeto3D.h" />
		<Unit filename="src/Rasterizer.cpp" />
		<Unit filename="src/Rasterizer.h" />
		<Unit filename="src/Vector2.h" />
		<Unit filename="src/Vector3.h" />
		<Unit filename="src/gl_canvas2d.cpp" />
		<Unit filename="src/gl_canvas2d.h" />
		<Unit filename="src/main.cpp" />
		<Extensions>
			<code_completion />
			<envvars />
			<debugger />
		</Extensions>
	</Project>
</CodeBlocks_project_file>
